
Microsoft Visual Studio Solution File, Format Version 12.00
# Visual Studio Version 16
VisualStudioVersion = 16.0.30804.86
MinimumVisualStudioVersion = 10.0.40219.1
Project("{9A19103F-16F7-4668-BE54-9A1E7A4F7556}") = "KampIntro", "KampIntro\KampIntro.csproj", "{A53BBECE-B873-4651-AA61-E5D959CBEC8F}"
EndProject
Project("{9A19103F-16F7-4668-BE54-9A1E7A4F7556}") = "Donguler", "Donguler\Donguler.csproj", "{FB33750B-6DD2-4C5F-9ADE-7965C833670A}"
EndProject
Project("{9A19103F-16F7-4668-BE54-9A1E7A4F7556}") = "ClassIntro", "ClassIntro\ClassIntro.csproj", "{12416B3D-C46D-4AA9-BE43-B0F6281D2CAE}"
EndProject
Project("{9A19103F-16F7-4668-BE54-9A1E7A4F7556}") = "Metotlar", "Metotlar\Metotlar.csproj", "{42424C5F-F650-4DA5-82E8-33DCE75F0899}"
EndProject
Project("{9A19103F-16F7-4668-BE54-9A1E7A4F7556}") = "Matematik", "Matematik\Matematik.csproj", "{33B9CEC8-C68B-45B8-8E28-75A4C90C0EDD}"
EndProject
Project("{9A19103F-16F7-4668-BE54-9A1E7A4F7556}") = "DegerVeReferansTipler", "DegerVeReferansTipler\DegerVeReferansTipler.csproj", "{9FC6AA79-26B6-4EDB-8FD8-9A6B06CFB30D}"
EndProject
Project("{9A19103F-16F7-4668-BE54-9A1E7A4F7556}") = "OOP1", "OOP1\OOP1.csproj", "{6F1F08F5-759E-43CF-96A1-CD08A69D5DA0}"
EndProject
Project("{9A19103F-16F7-4668-BE54-9A1E7A4F7556}") = "Collection", "Collection\Collection.csproj", "{5676DA27-2638-4970-A462-366AE8625889}"
EndProject
Project("{9A19103F-16F7-4668-BE54-9A1E7A4F7556}") = "GenericsIntro", "GenericsIntro\GenericsIntro.csproj", "{AC1F0322-18D8-44CC-8D9E-58C5B1496F12}"
EndProject
Project("{FAE04EC0-301F-11D3-BF4B-00C04F79EFBC}") = "Oop2", "Oop2\Oop2.csproj", "{895F66E4-A2C2-40C1-B9DE-CB5ABEDE60D9}"
EndProject
Project("{FAE04EC0-301F-11D3-BF4B-00C04F79EFBC}") = "Oop3", "Oop3\Oop3.csproj", "{337A0CCF-B60D-43A6-831C-992A5ACE85C9}"
EndProject
Global
	GlobalSection(SolutionConfigurationPlatforms) = preSolution
		Debug|Any CPU = Debug|Any CPU
		Release|Any CPU = Release|Any CPU
	EndGlobalSection
	GlobalSection(ProjectConfigurationPlatforms) = postSolution
		{A53BBECE-B873-4651-AA61-E5D959CBEC8F}.Debug|Any CPU.ActiveCfg = Debug|Any CPU
		{A53BBECE-B873-4651-AA61-E5D959CBEC8F}.Debug|Any CPU.Build.0 = Debug|Any CPU
		{A53BBECE-B873-4651-AA61-E5D959CBEC8F}.Release|Any CPU.ActiveCfg = Release|Any CPU
		{A53BBECE-B873-4651-AA61-E5D959CBEC8F}.Release|Any CPU.Build.0 = Release|Any CPU
		{FB33750B-6DD2-4C5F-9ADE-7965C833670A}.Debug|Any CPU.ActiveCfg = Debug|Any CPU
		{FB33750B-6DD2-4C5F-9ADE-7965C833670A}.Debug|Any CPU.Build.0 = Debug|Any CPU
		{FB33750B-6DD2-4C5F-9ADE-7965C833670A}.Release|Any CPU.ActiveCfg = Release|Any CPU
		{FB33750B-6DD2-4C5F-9ADE-7965C833670A}.Release|Any CPU.Build.0 = Release|Any CPU
		{12416B3D-C46D-4AA9-BE43-B0F6281D2CAE}.Debug|Any CPU.ActiveCfg = Debug|Any CPU
		{12416B3D-C46D-4AA9-BE43-B0F6281D2CAE}.Debug|Any CPU.Build.0 = Debug|Any CPU
		{12416B3D-C46D-4AA9-BE43-B0F6281D2CAE}.Release|Any CPU.ActiveCfg = Release|Any CPU
		{12416B3D-C46D-4AA9-BE43-B0F6281D2CAE}.Release|Any CPU.Build.0 = Release|Any CPU
		{42424C5F-F650-4DA5-82E8-33DCE75F0899}.Debug|Any CPU.ActiveCfg = Debug|Any CPU
		{42424C5F-F650-4DA5-82E8-33DCE75F0899}.Debug|Any CPU.Build.0 = Debug|Any CPU
		{42424C5F-F650-4DA5-82E8-33DCE75F0899}.Release|Any CPU.ActiveCfg = Release|Any CPU
		{42424C5F-F650-4DA5-82E8-33DCE75F0899}.Release|Any CPU.Build.0 = Release|Any CPU
		{33B9CEC8-C68B-45B8-8E28-75A4C90C0EDD}.Debug|Any CPU.ActiveCfg = Debug|Any CPU
		{33B9CEC8-C68B-45B8-8E28-75A4C90C0EDD}.Debug|Any CPU.Build.0 = Debug|Any CPU
		{33B9CEC8-C68B-45B8-8E28-75A4C90C0EDD}.Release|Any CPU.ActiveCfg = Release|Any CPU
		{33B9CEC8-C68B-45B8-8E28-75A4C90C0EDD}.Release|Any CPU.Build.0 = Release|Any CPU
		{9FC6AA79-26B6-4EDB-8FD8-9A6B06CFB30D}.Debug|Any CPU.ActiveCfg = Debug|Any CPU
		{9FC6AA79-26B6-4EDB-8FD8-9A6B06CFB30D}.Debug|Any CPU.Build.0 = Debug|Any CPU
		{9FC6AA79-26B6-4EDB-8FD8-9A6B06CFB30D}.Release|Any CPU.ActiveCfg = Release|Any CPU
		{9FC6AA79-26B6-4EDB-8FD8-9A6B06CFB30D}.Release|Any CPU.Build.0 = Release|Any CPU
		{6F1F08F5-759E-43CF-96A1-CD08A69D5DA0}.Debug|Any CPU.ActiveCfg = Debug|Any CPU
		{6F1F08F5-759E-43CF-96A1-CD08A69D5DA0}.Debug|Any CPU.Build.0 = Debug|Any CPU
		{6F1F08F5-759E-43CF-96A1-CD08A69D5DA0}.Release|Any CPU.ActiveCfg = Release|Any CPU
		{6F1F08F5-759E-43CF-96A1-CD08A69D5DA0}.Release|Any CPU.Build.0 = Release|Any CPU
		{5676DA27-2638-4970-A462-366AE8625889}.Debug|Any CPU.ActiveCfg = Debug|Any CPU
		{5676DA27-2638-4970-A462-366AE8625889}.Debug|Any CPU.Build.0 = Debug|Any CPU
		{5676DA27-2638-4970-A462-366AE8625889}.Release|Any CPU.ActiveCfg = Release|Any CPU
		{5676DA27-2638-4970-A462-366AE8625889}.Release|Any CPU.Build.0 = Release|Any CPU
		{AC1F0322-18D8-44CC-8D9E-58C5B1496F12}.Debug|Any CPU.ActiveCfg = Debug|Any CPU
		{AC1F0322-18D8-44CC-8D9E-58C5B1496F12}.Debug|Any CPU.Build.0 = Debug|Any CPU
		{AC1F0322-18D8-44CC-8D9E-58C5B1496F12}.Release|Any CPU.ActiveCfg = Release|Any CPU
		{AC1F0322-18D8-44CC-8D9E-58C5B1496F12}.Release|Any CPU.Build.0 = Release|Any CPU
		{895F66E4-A2C2-40C1-B9DE-CB5ABEDE60D9}.Debug|Any CPU.ActiveCfg = Debug|Any CPU
		{895F66E4-A2C2-40C1-B9DE-CB5ABEDE60D9}.Debug|Any CPU.Build.0 = Debug|Any CPU
		{895F66E4-A2C2-40C1-B9DE-CB5ABEDE60D9}.Release|Any CPU.ActiveCfg = Release|Any CPU
		{895F66E4-A2C2-40C1-B9DE-CB5ABEDE60D9}.Release|Any CPU.Build.0 = Release|Any CPU
		{337A0CCF-B60D-43A6-831C-992A5ACE85C9}.Debug|Any CPU.ActiveCfg = Debug|Any CPU
		{337A0CCF-B60D-43A6-831C-992A5ACE85C9}.Debug|Any CPU.Build.0 = Debug|Any CPU
		{337A0CCF-B60D-43A6-831C-992A5ACE85C9}.Release|Any CPU.ActiveCfg = Release|Any CPU
		{337A0CCF-B60D-43A6-831C-992A5ACE85C9}.Release|Any CPU.Build.0 = Release|Any CPU
	EndGlobalSection
	GlobalSection(SolutionProperties) = preSolution
		HideSolutionNode = FALSE
	EndGlobalSection
	GlobalSection(ExtensibilityGlobals) = postSolution
		SolutionGuid = {D864191E-F312-44C8-9670-4C5A9FD2207E}
	EndGlobalSection
EndGlobal
